
Microsoft Visual Studio Solution File, Format Version 12.00
# Visual Studio Version 17
VisualStudioVersion = 17.9.34723.18
MinimumVisualStudioVersion = 10.0.40219.1
Project("{FAE04EC0-301F-11D3-BF4B-00C04F79EFBC}") = "RobotLocalization", "RobotLocalization.csproj", "{1A592775-9E0A-4B1A-8CC6-0497662F6385}"
EndProject
Global
	GlobalSection(SolutionConfigurationPlatforms) = preSolution
		Debug|Any CPU = Debug|Any CPU
		Release|Any CPU = Release|Any CPU
	EndGlobalSection
	GlobalSection(ProjectConfigurationPlatforms) = postSolution
		{1A592775-9E0A-4B1A-8CC6-0497662F6385}.Debug|Any CPU.ActiveCfg = Debug|Any CPU
		{1A592775-9E0A-4B1A-8CC6-0497662F6385}.Debug|Any CPU.Build.0 = Debug|Any CPU
		{1A592775-9E0A-4B1A-8CC6-0497662F6385}.Release|Any CPU.ActiveCfg = Release|Any CPU
		{1A592775-9E0A-4B1A-8CC6-0497662F6385}.Release|Any CPU.Build.0 = Release|Any CPU
	EndGlobalSection
	GlobalSection(SolutionProperties) = preSolution
		HideSolutionNode = FALSE
	EndGlobalSection
	GlobalSection(ExtensibilityGlobals) = postSolution
		SolutionGuid = {1920FE89-6999-44F4-9227-5E3410C28DDD}
	EndGlobalSection
EndGlobal
